PODS:
  - Flutter (1.0.0)
  - icloud_storage (0.0.1):
    - Flutter

DEPENDENCIES:
  - Flutter (from `Flutter`)
  - icloud_storage (from `.symlinks/plugins/icloud_storage/ios`)

EXTERNAL SOURCES:
  Flutter:
    :path: Flutter
  icloud_storage:
    :path: ".symlinks/plugins/icloud_storage/ios"

SPEC CHECKSUMS:
  Flutter: 71a624a5bc0c04062bf19101d501e466baf2fb47
  icloud_storage: e55639f0c0d7cb2b0ba9c0b3d5968ccca9cd9aa2

PODFILE CHECKSUM: 3506c0ffe2a5fc8d280df8e0cc0d2eb9e4d0c26c

COCOAPODS: 1.17.0
